
Microsoft Visual Studio Solution File, Format Version 12.00
# Visual Studio Version 17
VisualStudioVersion = 17.2.32616.157
MinimumVisualStudioVersion = 10.0.40219.1
Project("{FAE04EC0-301F-11D3-BF4B-00C04F79EFBC}") = "ImportApp.Domain", "ImportApp.Domain\ImportApp.Domain.csproj", "{56230CE1-3D14-4A99-AFE6-12C9189C177A}"
EndProject
Project("{FAE04EC0-301F-11D3-BF4B-00C04F79EFBC}") = "ImportApp.EntityFramework", "ImportApp.EntityFramework\ImportApp.EntityFramework.csproj", "{A4974805-5153-4179-AAE4-4BB2715E3AE9}"
EndProject
Global
	GlobalSection(SolutionConfigurationPlatforms) = preSolution
		Debug|Any CPU = Debug|Any CPU
		Release|Any CPU = Release|Any CPU
	EndGlobalSection
	GlobalSection(ProjectConfigurationPlatforms) = postSolution
		{56230CE1-3D14-4A99-AFE6-12C9189C177A}.Debug|Any CPU.ActiveCfg = Debug|Any CPU
		{56230CE1-3D14-4A99-AFE6-12C9189C177A}.Debug|Any CPU.Build.0 = Debug|Any CPU
		{56230CE1-3D14-4A99-AFE6-12C9189C177A}.Release|Any CPU.ActiveCfg = Release|Any CPU
		{56230CE1-3D14-4A99-AFE6-12C9189C177A}.Release|Any CPU.Build.0 = Release|Any CPU
		{A4974805-5153-4179-AAE4-4BB2715E3AE9}.Debug|Any CPU.ActiveCfg = Debug|Any CPU
		{A4974805-5153-4179-AAE4-4BB2715E3AE9}.Debug|Any CPU.Build.0 = Debug|Any CPU
		{A4974805-5153-4179-AAE4-4BB2715E3AE9}.Release|Any CPU.ActiveCfg = Release|Any CPU
		{A4974805-5153-4179-AAE4-4BB2715E3AE9}.Release|Any CPU.Build.0 = Release|Any CPU
	EndGlobalSection
	GlobalSection(SolutionProperties) = preSolution
		HideSolutionNode = FALSE
	EndGlobalSection
	GlobalSection(ExtensibilityGlobals) = postSolution
		SolutionGuid = {A8B3AFAF-825A-4946-AD99-3461DCAE6927}
	EndGlobalSection
EndGlobal
